
Microsoft Visual Studio Solution File, Format Version 12.00
# Visual Studio Version 17
VisualStudioVersion = 17.9.34728.123
MinimumVisualStudioVersion = 10.0.40219.1
Project("{FAE04EC0-301F-11D3-BF4B-00C04F79EFBC}") = "DS", "DS.csproj", "{1316BE53-360D-4DCD-9AD2-FABE47B581D3}"
EndProject
Global
	GlobalSection(SolutionConfigurationPlatforms) = preSolution
		Debug|Any CPU = Debug|Any CPU
		Release|Any CPU = Release|Any CPU
	EndGlobalSection
	GlobalSection(ProjectConfigurationPlatforms) = postSolution
		{1316BE53-360D-4DCD-9AD2-FABE47B581D3}.Debug|Any CPU.ActiveCfg = Debug|Any CPU
		{1316BE53-360D-4DCD-9AD2-FABE47B581D3}.Debug|Any CPU.Build.0 = Debug|Any CPU
		{1316BE53-360D-4DCD-9AD2-FABE47B581D3}.Release|Any CPU.ActiveCfg = Release|Any CPU
		{1316BE53-360D-4DCD-9AD2-FABE47B581D3}.Release|Any CPU.Build.0 = Release|Any CPU
	EndGlobalSection
	GlobalSection(SolutionProperties) = preSolution
		HideSolutionNode = FALSE
	EndGlobalSection
	GlobalSection(ExtensibilityGlobals) = postSolution
		SolutionGuid = {080A7059-35C2-4D6A-BC1A-97BCEC64D4DB}
	EndGlobalSection
EndGlobal
